
Microsoft Visual Studio Solution File, Format Version 12.00
# Visual Studio 14
VisualStudioVersion = 14.0.23107.0
MinimumVisualStudioVersion = 10.0.40219.1
Project("{FAE04EC0-301F-11D3-BF4B-00C04F79EFBC}") = "AdditionalADOExamples", "AdditionalADOExamples\AdditionalADOExamples.csproj", "{59336CD5-FA37-44FA-A7B9-8A9996DEE99E}"
EndProject
Project("{FAE04EC0-301F-11D3-BF4B-00C04F79EFBC}") = "AdditionalADOExamples.DATA", "AdditionalADOExamples.DATA\AdditionalADOExamples.DATA.csproj", "{AD95A224-29F3-4A87-B97F-C87830468415}"
EndProject
Global
	GlobalSection(SolutionConfigurationPlatforms) = preSolution
		Debug|Any CPU = Debug|Any CPU
		Release|Any CPU = Release|Any CPU
	EndGlobalSection
	GlobalSection(ProjectConfigurationPlatforms) = postSolution
		{59336CD5-FA37-44FA-A7B9-8A9996DEE99E}.Debug|Any CPU.ActiveCfg = Debug|Any CPU
		{59336CD5-FA37-44FA-A7B9-8A9996DEE99E}.Debug|Any CPU.Build.0 = Debug|Any CPU
		{59336CD5-FA37-44FA-A7B9-8A9996DEE99E}.Release|Any CPU.ActiveCfg = Release|Any CPU
		{59336CD5-FA37-44FA-A7B9-8A9996DEE99E}.Release|Any CPU.Build.0 = Release|Any CPU
		{AD95A224-29F3-4A87-B97F-C87830468415}.Debug|Any CPU.ActiveCfg = Debug|Any CPU
		{AD95A224-29F3-4A87-B97F-C87830468415}.Debug|Any CPU.Build.0 = Debug|Any CPU
		{AD95A224-29F3-4A87-B97F-C87830468415}.Release|Any CPU.ActiveCfg = Release|Any CPU
		{AD95A224-29F3-4A87-B97F-C87830468415}.Release|Any CPU.Build.0 = Release|Any CPU
	EndGlobalSection
	GlobalSection(SolutionProperties) = preSolution
		HideSolutionNode = FALSE
	EndGlobalSection
EndGlobal
