
Microsoft Visual Studio Solution File, Format Version 12.00
# Visual Studio 14
VisualStudioVersion = 14.0.23107.0
MinimumVisualStudioVersion = 10.0.40219.1
Project("{FAE04EC0-301F-11D3-BF4B-00C04F79EFBC}") = "Collections", "Collections\Collections.csproj", "{CDA59E39-C559-4621-AE3D-F1D73F2E44A1}"
EndProject
Global
	GlobalSection(SolutionConfigurationPlatforms) = preSolution
		Debug|Any CPU = Debug|Any CPU
		Release|Any CPU = Release|Any CPU
	EndGlobalSection
	GlobalSection(ProjectConfigurationPlatforms) = postSolution
		{CDA59E39-C559-4621-AE3D-F1D73F2E44A1}.Debug|Any CPU.ActiveCfg = Debug|Any CPU
		{CDA59E39-C559-4621-AE3D-F1D73F2E44A1}.Debug|Any CPU.Build.0 = Debug|Any CPU
		{CDA59E39-C559-4621-AE3D-F1D73F2E44A1}.Release|Any CPU.ActiveCfg = Release|Any CPU
		{CDA59E39-C559-4621-AE3D-F1D73F2E44A1}.Release|Any CPU.Build.0 = Release|Any CPU
	EndGlobalSection
	GlobalSection(SolutionProperties) = preSolution
		HideSolutionNode = FALSE
	EndGlobalSection
EndGlobal
