
Microsoft Visual Studio Solution File, Format Version 12.00
# Visual Studio 14
VisualStudioVersion = 14.0.24720.0
MinimumVisualStudioVersion = 10.0.40219.1
Project("{FAE04EC0-301F-11D3-BF4B-00C04F79EFBC}") = "FrontEndTesting", "FrontEndTesting\FrontEndTesting.csproj", "{17178BEC-C110-416E-89E1-DB1A9B70960D}"
EndProject
Global
	GlobalSection(SolutionConfigurationPlatforms) = preSolution
		Debug|Any CPU = Debug|Any CPU
		Release|Any CPU = Release|Any CPU
	EndGlobalSection
	GlobalSection(ProjectConfigurationPlatforms) = postSolution
		{17178BEC-C110-416E-89E1-DB1A9B70960D}.Debug|Any CPU.ActiveCfg = Debug|Any CPU
		{17178BEC-C110-416E-89E1-DB1A9B70960D}.Debug|Any CPU.Build.0 = Debug|Any CPU
		{17178BEC-C110-416E-89E1-DB1A9B70960D}.Release|Any CPU.ActiveCfg = Release|Any CPU
		{17178BEC-C110-416E-89E1-DB1A9B70960D}.Release|Any CPU.Build.0 = Release|Any CPU
	EndGlobalSection
	GlobalSection(SolutionProperties) = preSolution
		HideSolutionNode = FALSE
	EndGlobalSection
EndGlobal
