
Microsoft Visual Studio Solution File, Format Version 12.00
# Visual Studio 14
VisualStudioVersion = 14.0.24720.0
MinimumVisualStudioVersion = 10.0.40219.1
Project("{FAE04EC0-301F-11D3-BF4B-00C04F79EFBC}") = "Eric", "Eric\Eric.csproj", "{82FAF14C-A13B-4E2E-91F2-702C0309006F}"
EndProject
Project("{FAE04EC0-301F-11D3-BF4B-00C04F79EFBC}") = "Tests", "Tests\Tests.csproj", "{B5BB83F7-14B8-4117-A632-0B953A36896A}"
EndProject
Global
	GlobalSection(SolutionConfigurationPlatforms) = preSolution
		Debug|Any CPU = Debug|Any CPU
		Release|Any CPU = Release|Any CPU
	EndGlobalSection
	GlobalSection(ProjectConfigurationPlatforms) = postSolution
		{82FAF14C-A13B-4E2E-91F2-702C0309006F}.Debug|Any CPU.ActiveCfg = Debug|Any CPU
		{82FAF14C-A13B-4E2E-91F2-702C0309006F}.Debug|Any CPU.Build.0 = Debug|Any CPU
		{82FAF14C-A13B-4E2E-91F2-702C0309006F}.Release|Any CPU.ActiveCfg = Release|Any CPU
		{82FAF14C-A13B-4E2E-91F2-702C0309006F}.Release|Any CPU.Build.0 = Release|Any CPU
		{B5BB83F7-14B8-4117-A632-0B953A36896A}.Debug|Any CPU.ActiveCfg = Debug|Any CPU
		{B5BB83F7-14B8-4117-A632-0B953A36896A}.Debug|Any CPU.Build.0 = Debug|Any CPU
		{B5BB83F7-14B8-4117-A632-0B953A36896A}.Release|Any CPU.ActiveCfg = Release|Any CPU
		{B5BB83F7-14B8-4117-A632-0B953A36896A}.Release|Any CPU.Build.0 = Release|Any CPU
	EndGlobalSection
	GlobalSection(SolutionProperties) = preSolution
		HideSolutionNode = FALSE
	EndGlobalSection
EndGlobal
